
Microsoft Visual Studio Solution File, Format Version 12.00
# Visual Studio 2013
VisualStudioVersion = 12.0.30723.0
MinimumVisualStudioVersion = 10.0.40219.1
Project("{2150E333-8FDC-42A3-9474-1A3956D46DE8}") = "Snaleboda", "Snaleboda", "{6A02737C-ECCA-4C8F-B829-47136C47E896}"
EndProject
Project("{D954291E-2A0B-460D-934E-DC6B0785DB48}") = "Snaleboda.Shared", "Snaleboda\Snaleboda.Shared\Snaleboda.Shared.shproj", "{46D322F6-8BA4-484A-ACE9-571B362ADA43}"
EndProject
Project("{FAE04EC0-301F-11D3-BF4B-00C04F79EFBC}") = "Snaleboda.Windows", "Snaleboda\Snaleboda.Windows\Snaleboda.Windows.csproj", "{D2326A11-9854-4214-B66C-46D6181D5231}"
EndProject
Project("{FAE04EC0-301F-11D3-BF4B-00C04F79EFBC}") = "Snaleboda.WindowsPhone", "Snaleboda\Snaleboda.WindowsPhone\Snaleboda.WindowsPhone.csproj", "{052CD24C-60D0-4997-90CE-AD2DC128150D}"
EndProject
Project("{FAE04EC0-301F-11D3-BF4B-00C04F79EFBC}") = "Snaleboda.Library", "Snaleboda.Library\Snaleboda.Library.csproj", "{4D11D905-68C6-4A6B-9724-C87AD1DFCF77}"
EndProject
Project("{2150E333-8FDC-42A3-9474-1A3956D46DE8}") = ".nuget", ".nuget", "{F091D4A9-A788-443E-A584-F43E376E62A2}"
	ProjectSection(SolutionItems) = preProject
		.nuget\NuGet.Config = .nuget\NuGet.Config
		.nuget\NuGet.exe = .nuget\NuGet.exe
		.nuget\NuGet.targets = .nuget\NuGet.targets
	EndProjectSection
EndProject
Project("{FAE04EC0-301F-11D3-BF4B-00C04F79EFBC}") = "Snaleboda.Droid", "Snaleboda.Droid\Snaleboda.Droid.csproj", "{A3C64FE0-9858-4D36-AFE1-0B7E1629ED9F}"
EndProject
Project("{FAE04EC0-301F-11D3-BF4B-00C04F79EFBC}") = "Snaleboda.Touch", "Snaleboda.Touch\Snaleboda.Touch.csproj", "{AF75C536-FEC5-4C62-ACBC-0F9A2A7E2CC5}"
EndProject
Project("{2150E333-8FDC-42A3-9474-1A3956D46DE8}") = "Forms", "Forms", "{956FCE55-53C1-46CD-B56C-DC3965E39668}"
EndProject
Project("{FAE04EC0-301F-11D3-BF4B-00C04F79EFBC}") = "Snaleboda.XamarinForms", "Snaleboda.XamarinForms\Snaleboda.XamarinForms\Snaleboda.XamarinForms.csproj", "{1EBD353C-9DFB-4DBA-9564-F4A73C6F355F}"
EndProject
Project("{FAE04EC0-301F-11D3-BF4B-00C04F79EFBC}") = "Snaleboda.XamarinForms.iOS", "Snaleboda.XamarinForms\Snaleboda.XamarinForms.iOS\Snaleboda.XamarinForms.iOS.csproj", "{B9D0C9D6-1E9C-47FF-B967-AFB828987E9F}"
EndProject
Project("{FAE04EC0-301F-11D3-BF4B-00C04F79EFBC}") = "Snaleboda.XamarinForms.Android", "Snaleboda.XamarinForms\Snaleboda.XamarinForms.Android\Snaleboda.XamarinForms.Android.csproj", "{7F0A95FB-E90C-44CB-A51D-53929CEFA100}"
EndProject
Project("{FAE04EC0-301F-11D3-BF4B-00C04F79EFBC}") = "Snaleboda.XamarinForms.WinPhone", "Snaleboda.XamarinForms\Snaleboda.XamarinForms.WinPhone\Snaleboda.XamarinForms.WinPhone.csproj", "{DE7BB516-4144-48CB-8A46-CAF1DAB86372}"
EndProject
Project("{FAE04EC0-301F-11D3-BF4B-00C04F79EFBC}") = "Snaleboda.Core", "Snaleboda.Library.ViewModels\Snaleboda.Core.csproj", "{870FE91E-BCCF-4258-8D44-92E46F921358}"
EndProject
Global
	GlobalSection(SharedMSBuildProjectFiles) = preSolution
		Snaleboda\Snaleboda.Shared\Snaleboda.Shared.projitems*{46d322f6-8ba4-484a-ace9-571b362ada43}*SharedItemsImports = 13
		Snaleboda\Snaleboda.Shared\Snaleboda.Shared.projitems*{052cd24c-60d0-4997-90ce-ad2dc128150d}*SharedItemsImports = 4
		Snaleboda\Snaleboda.Shared\Snaleboda.Shared.projitems*{d2326a11-9854-4214-b66c-46d6181d5231}*SharedItemsImports = 4
	EndGlobalSection
	GlobalSection(SolutionConfigurationPlatforms) = preSolution
		Ad-Hoc|Any CPU = Ad-Hoc|Any CPU
		Ad-Hoc|ARM = Ad-Hoc|ARM
		Ad-Hoc|iPhone = Ad-Hoc|iPhone
		Ad-Hoc|iPhoneSimulator = Ad-Hoc|iPhoneSimulator
		Ad-Hoc|Mixed Platforms = Ad-Hoc|Mixed Platforms
		Ad-Hoc|x64 = Ad-Hoc|x64
		Ad-Hoc|x86 = Ad-Hoc|x86
		AppStore|Any CPU = AppStore|Any CPU
		AppStore|ARM = AppStore|ARM
		AppStore|iPhone = AppStore|iPhone
		AppStore|iPhoneSimulator = AppStore|iPhoneSimulator
		AppStore|Mixed Platforms = AppStore|Mixed Platforms
		AppStore|x64 = AppStore|x64
		AppStore|x86 = AppStore|x86
		Debug|Any CPU = Debug|Any CPU
		Debug|ARM = Debug|ARM
		Debug|iPhone = Debug|iPhone
		Debug|iPhoneSimulator = Debug|iPhoneSimulator
		Debug|Mixed Platforms = Debug|Mixed Platforms
		Debug|x64 = Debug|x64
		Debug|x86 = Debug|x86
		Release|Any CPU = Release|Any CPU
		Release|ARM = Release|ARM
		Release|iPhone = Release|iPhone
		Release|iPhoneSimulator = Release|iPhoneSimulator
		Release|Mixed Platforms = Release|Mixed Platforms
		Release|x64 = Release|x64
		Release|x86 = Release|x86
	EndGlobalSection
	GlobalSection(ProjectConfigurationPlatforms) = postSolution
		{D2326A11-9854-4214-B66C-46D6181D5231}.Ad-Hoc|Any CPU.ActiveCfg = Release|Any CPU
		{D2326A11-9854-4214-B66C-46D6181D5231}.Ad-Hoc|Any CPU.Build.0 = Release|Any CPU
		{D2326A11-9854-4214-B66C-46D6181D5231}.Ad-Hoc|Any CPU.Deploy.0 = Release|Any CPU
		{D2326A11-9854-4214-B66C-46D6181D5231}.Ad-Hoc|ARM.ActiveCfg = Release|ARM
		{D2326A11-9854-4214-B66C-46D6181D5231}.Ad-Hoc|ARM.Build.0 = Release|ARM
		{D2326A11-9854-4214-B66C-46D6181D5231}.Ad-Hoc|ARM.Deploy.0 = Release|ARM
		{D2326A11-9854-4214-B66C-46D6181D5231}.Ad-Hoc|iPhone.ActiveCfg = Release|Any CPU
		{D2326A11-9854-4214-B66C-46D6181D5231}.Ad-Hoc|iPhoneSimulator.ActiveCfg = Release|Any CPU
		{D2326A11-9854-4214-B66C-46D6181D5231}.Ad-Hoc|Mixed Platforms.ActiveCfg = Release|x86
		{D2326A11-9854-4214-B66C-46D6181D5231}.Ad-Hoc|Mixed Platforms.Build.0 = Release|x86
		{D2326A11-9854-4214-B66C-46D6181D5231}.Ad-Hoc|Mixed Platforms.Deploy.0 = Release|x86
		{D2326A11-9854-4214-B66C-46D6181D5231}.Ad-Hoc|x64.ActiveCfg = Release|x64
		{D2326A11-9854-4214-B66C-46D6181D5231}.Ad-Hoc|x64.Build.0 = Release|x64
		{D2326A11-9854-4214-B66C-46D6181D5231}.Ad-Hoc|x64.Deploy.0 = Release|x64
		{D2326A11-9854-4214-B66C-46D6181D5231}.Ad-Hoc|x86.ActiveCfg = Release|x86
		{D2326A11-9854-4214-B66C-46D6181D5231}.Ad-Hoc|x86.Build.0 = Release|x86
		{D2326A11-9854-4214-B66C-46D6181D5231}.Ad-Hoc|x86.Deploy.0 = Release|x86
		{D2326A11-9854-4214-B66C-46D6181D5231}.AppStore|Any CPU.ActiveCfg = Release|Any CPU
		{D2326A11-9854-4214-B66C-46D6181D5231}.AppStore|Any CPU.Build.0 = Release|Any CPU
		{D2326A11-9854-4214-B66C-46D6181D5231}.AppStore|Any CPU.Deploy.0 = Release|Any CPU
		{D2326A11-9854-4214-B66C-46D6181D5231}.AppStore|ARM.ActiveCfg = Release|ARM
		{D2326A11-9854-4214-B66C-46D6181D5231}.AppStore|ARM.Build.0 = Release|ARM
		{D2326A11-9854-4214-B66C-46D6181D5231}.AppStore|ARM.Deploy.0 = Release|ARM
		{D2326A11-9854-4214-B66C-46D6181D5231}.AppStore|iPhone.ActiveCfg = Release|Any CPU
		{D2326A11-9854-4214-B66C-46D6181D5231}.AppStore|iPhoneSimulator.ActiveCfg = Release|Any CPU
		{D2326A11-9854-4214-B66C-46D6181D5231}.AppStore|Mixed Platforms.ActiveCfg = Release|x86
		{D2326A11-9854-4214-B66C-46D6181D5231}.AppStore|Mixed Platforms.Build.0 = Release|x86
		{D2326A11-9854-4214-B66C-46D6181D5231}.AppStore|Mixed Platforms.Deploy.0 = Release|x86
		{D2326A11-9854-4214-B66C-46D6181D5231}.AppStore|x64.ActiveCfg = Release|x64
		{D2326A11-9854-4214-B66C-46D6181D5231}.AppStore|x64.Build.0 = Release|x64
		{D2326A11-9854-4214-B66C-46D6181D5231}.AppStore|x64.Deploy.0 = Release|x64
		{D2326A11-9854-4214-B66C-46D6181D5231}.AppStore|x86.ActiveCfg = Release|x86
		{D2326A11-9854-4214-B66C-46D6181D5231}.AppStore|x86.Build.0 = Release|x86
		{D2326A11-9854-4214-B66C-46D6181D5231}.AppStore|x86.Deploy.0 = Release|x86
		{D2326A11-9854-4214-B66C-46D6181D5231}.Debug|Any CPU.ActiveCfg = Debug|Any CPU
		{D2326A11-9854-4214-B66C-46D6181D5231}.Debug|Any CPU.Build.0 = Debug|Any CPU
		{D2326A11-9854-4214-B66C-46D6181D5231}.Debug|Any CPU.Deploy.0 = Debug|Any CPU
		{D2326A11-9854-4214-B66C-46D6181D5231}.Debug|ARM.ActiveCfg = Debug|ARM
		{D2326A11-9854-4214-B66C-46D6181D5231}.Debug|ARM.Build.0 = Debug|ARM
		{D2326A11-9854-4214-B66C-46D6181D5231}.Debug|ARM.Deploy.0 = Debug|ARM
		{D2326A11-9854-4214-B66C-46D6181D5231}.Debug|iPhone.ActiveCfg = Debug|Any CPU
		{D2326A11-9854-4214-B66C-46D6181D5231}.Debug|iPhoneSimulator.ActiveCfg = Debug|Any CPU
		{D2326A11-9854-4214-B66C-46D6181D5231}.Debug|Mixed Platforms.ActiveCfg = Debug|x86
		{D2326A11-9854-4214-B66C-46D6181D5231}.Debug|Mixed Platforms.Build.0 = Debug|x86
		{D2326A11-9854-4214-B66C-46D6181D5231}.Debug|Mixed Platforms.Deploy.0 = Debug|x86
		{D2326A11-9854-4214-B66C-46D6181D5231}.Debug|x64.ActiveCfg = Debug|x64
		{D2326A11-9854-4214-B66C-46D6181D5231}.Debug|x64.Build.0 = Debug|x64
		{D2326A11-9854-4214-B66C-46D6181D5231}.Debug|x64.Deploy.0 = Debug|x64
		{D2326A11-9854-4214-B66C-46D6181D5231}.Debug|x86.ActiveCfg = Debug|x86
		{D2326A11-9854-4214-B66C-46D6181D5231}.Debug|x86.Build.0 = Debug|x86
		{D2326A11-9854-4214-B66C-46D6181D5231}.Debug|x86.Deploy.0 = Debug|x86
		{D2326A11-9854-4214-B66C-46D6181D5231}.Release|Any CPU.ActiveCfg = Release|Any CPU
		{D2326A11-9854-4214-B66C-46D6181D5231}.Release|Any CPU.Build.0 = Release|Any CPU
		{D2326A11-9854-4214-B66C-46D6181D5231}.Release|Any CPU.Deploy.0 = Release|Any CPU
		{D2326A11-9854-4214-B66C-46D6181D5231}.Release|ARM.ActiveCfg = Release|ARM
		{D2326A11-9854-4214-B66C-46D6181D5231}.Release|ARM.Build.0 = Release|ARM
		{D2326A11-9854-4214-B66C-46D6181D5231}.Release|ARM.Deploy.0 = Release|ARM
		{D2326A11-9854-4214-B66C-46D6181D5231}.Release|iPhone.ActiveCfg = Release|Any CPU
		{D2326A11-9854-4214-B66C-46D6181D5231}.Release|iPhoneSimulator.ActiveCfg = Release|Any CPU
		{D2326A11-9854-4214-B66C-46D6181D5231}.Release|Mixed Platforms.ActiveCfg = Release|x86
		{D2326A11-9854-4214-B66C-46D6181D5231}.Release|Mixed Platforms.Build.0 = Release|x86
		{D2326A11-9854-4214-B66C-46D6181D5231}.Release|Mixed Platforms.Deploy.0 = Release|x86
		{D2326A11-9854-4214-B66C-46D6181D5231}.Release|x64.ActiveCfg = Release|x64
		{D2326A11-9854-4214-B66C-46D6181D5231}.Release|x64.Build.0 = Release|x64
		{D2326A11-9854-4214-B66C-46D6181D5231}.Release|x64.Deploy.0 = Release|x64
		{D2326A11-9854-4214-B66C-46D6181D5231}.Release|x86.ActiveCfg = Release|x86
		{D2326A11-9854-4214-B66C-46D6181D5231}.Release|x86.Build.0 = Release|x86
		{D2326A11-9854-4214-B66C-46D6181D5231}.Release|x86.Deploy.0 = Release|x86
		{052CD24C-60D0-4997-90CE-AD2DC128150D}.Ad-Hoc|Any CPU.ActiveCfg = Release|Any CPU
		{052CD24C-60D0-4997-90CE-AD2DC128150D}.Ad-Hoc|Any CPU.Build.0 = Release|Any CPU
		{052CD24C-60D0-4997-90CE-AD2DC128150D}.Ad-Hoc|Any CPU.Deploy.0 = Release|Any CPU
		{052CD24C-60D0-4997-90CE-AD2DC128150D}.Ad-Hoc|ARM.ActiveCfg = Release|ARM
		{052CD24C-60D0-4997-90CE-AD2DC128150D}.Ad-Hoc|ARM.Build.0 = Release|ARM
		{052CD24C-60D0-4997-90CE-AD2DC128150D}.Ad-Hoc|ARM.Deploy.0 = Release|ARM
		{052CD24C-60D0-4997-90CE-AD2DC128150D}.Ad-Hoc|iPhone.ActiveCfg = Release|Any CPU
		{052CD24C-60D0-4997-90CE-AD2DC128150D}.Ad-Hoc|iPhoneSimulator.ActiveCfg = Release|Any CPU
		{052CD24C-60D0-4997-90CE-AD2DC128150D}.Ad-Hoc|Mixed Platforms.ActiveCfg = Release|x86
		{052CD24C-60D0-4997-90CE-AD2DC128150D}.Ad-Hoc|Mixed Platforms.Build.0 = Release|x86
		{052CD24C-60D0-4997-90CE-AD2DC128150D}.Ad-Hoc|Mixed Platforms.Deploy.0 = Release|x86
		{052CD24C-60D0-4997-90CE-AD2DC128150D}.Ad-Hoc|x64.ActiveCfg = Release|Any CPU
		{052CD24C-60D0-4997-90CE-AD2DC128150D}.Ad-Hoc|x86.ActiveCfg = Release|x86
		{052CD24C-60D0-4997-90CE-AD2DC128150D}.Ad-Hoc|x86.Build.0 = Release|x86
		{052CD24C-60D0-4997-90CE-AD2DC128150D}.Ad-Hoc|x86.Deploy.0 = Release|x86
		{052CD24C-60D0-4997-90CE-AD2DC128150D}.AppStore|Any CPU.ActiveCfg = Release|Any CPU
		{052CD24C-60D0-4997-90CE-AD2DC128150D}.AppStore|Any CPU.Build.0 = Release|Any CPU
		{052CD24C-60D0-4997-90CE-AD2DC128150D}.AppStore|Any CPU.Deploy.0 = Release|Any CPU
		{052CD24C-60D0-4997-90CE-AD2DC128150D}.AppStore|ARM.ActiveCfg = Release|ARM
		{052CD24C-60D0-4997-90CE-AD2DC128150D}.AppStore|ARM.Build.0 = Release|ARM
		{052CD24C-60D0-4997-90CE-AD2DC128150D}.AppStore|ARM.Deploy.0 = Release|ARM
		{052CD24C-60D0-4997-90CE-AD2DC128150D}.AppStore|iPhone.ActiveCfg = Release|Any CPU
		{052CD24C-60D0-4997-90CE-AD2DC128150D}.AppStore|iPhoneSimulator.ActiveCfg = Release|Any CPU
		{052CD24C-60D0-4997-90CE-AD2DC128150D}.AppStore|Mixed Platforms.ActiveCfg = Release|x86
		{052CD24C-60D0-4997-90CE-AD2DC128150D}.AppStore|Mixed Platforms.Build.0 = Release|x86
		{052CD24C-60D0-4997-90CE-AD2DC128150D}.AppStore|Mixed Platforms.Deploy.0 = Release|x86
		{052CD24C-60D0-4997-90CE-AD2DC128150D}.AppStore|x64.ActiveCfg = Release|Any CPU
		{052CD24C-60D0-4997-90CE-AD2DC128150D}.AppStore|x86.ActiveCfg = Release|x86
		{052CD24C-60D0-4997-90CE-AD2DC128150D}.AppStore|x86.Build.0 = Release|x86
		{052CD24C-60D0-4997-90CE-AD2DC128150D}.AppStore|x86.Deploy.0 = Release|x86
		{052CD24C-60D0-4997-90CE-AD2DC128150D}.Debug|Any CPU.ActiveCfg = Debug|Any CPU
		{052CD24C-60D0-4997-90CE-AD2DC128150D}.Debug|Any CPU.Build.0 = Debug|Any CPU
		{052CD24C-60D0-4997-90CE-AD2DC128150D}.Debug|Any CPU.Deploy.0 = Debug|Any CPU
		{052CD24C-60D0-4997-90CE-AD2DC128150D}.Debug|ARM.ActiveCfg = Debug|ARM
		{052CD24C-60D0-4997-90CE-AD2DC128150D}.Debug|ARM.Build.0 = Debug|ARM
		{052CD24C-60D0-4997-90CE-AD2DC128150D}.Debug|ARM.Deploy.0 = Debug|ARM
		{052CD24C-60D0-4997-90CE-AD2DC128150D}.Debug|iPhone.ActiveCfg = Debug|Any CPU
		{052CD24C-60D0-4997-90CE-AD2DC128150D}.Debug|iPhoneSimulator.ActiveCfg = Debug|Any CPU
		{052CD24C-60D0-4997-90CE-AD2DC128150D}.Debug|Mixed Platforms.ActiveCfg = Debug|x86
		{052CD24C-60D0-4997-90CE-AD2DC128150D}.Debug|Mixed Platforms.Build.0 = Debug|x86
		{052CD24C-60D0-4997-90CE-AD2DC128150D}.Debug|Mixed Platforms.Deploy.0 = Debug|x86
		{052CD24C-60D0-4997-90CE-AD2DC128150D}.Debug|x64.ActiveCfg = Debug|Any CPU
		{052CD24C-60D0-4997-90CE-AD2DC128150D}.Debug|x86.ActiveCfg = Debug|x86
		{052CD24C-60D0-4997-90CE-AD2DC128150D}.Debug|x86.Build.0 = Debug|x86
		{052CD24C-60D0-4997-90CE-AD2DC128150D}.Debug|x86.Deploy.0 = Debug|x86
		{052CD24C-60D0-4997-90CE-AD2DC128150D}.Release|Any CPU.ActiveCfg = Release|Any CPU
		{052CD24C-60D0-4997-90CE-AD2DC128150D}.Release|Any CPU.Build.0 = Release|Any CPU
		{052CD24C-60D0-4997-90CE-AD2DC128150D}.Release|Any CPU.Deploy.0 = Release|Any CPU
		{052CD24C-60D0-4997-90CE-AD2DC128150D}.Release|ARM.ActiveCfg = Release|ARM
		{052CD24C-60D0-4997-90CE-AD2DC128150D}.Release|ARM.Build.0 = Release|ARM
		{052CD24C-60D0-4997-90CE-AD2DC128150D}.Release|ARM.Deploy.0 = Release|ARM
		{052CD24C-60D0-4997-90CE-AD2DC128150D}.Release|iPhone.ActiveCfg = Release|Any CPU
		{052CD24C-60D0-4997-90CE-AD2DC128150D}.Release|iPhoneSimulator.ActiveCfg = Release|Any CPU
		{052CD24C-60D0-4997-90CE-AD2DC128150D}.Release|Mixed Platforms.ActiveCfg = Release|x86
		{052CD24C-60D0-4997-90CE-AD2DC128150D}.Release|Mixed Platforms.Build.0 = Release|x86
		{052CD24C-60D0-4997-90CE-AD2DC128150D}.Release|Mixed Platforms.Deploy.0 = Release|x86
		{052CD24C-60D0-4997-90CE-AD2DC128150D}.Release|x64.ActiveCfg = Release|Any CPU
		{052CD24C-60D0-4997-90CE-AD2DC128150D}.Release|x86.ActiveCfg = Release|x86
		{052CD24C-60D0-4997-90CE-AD2DC128150D}.Release|x86.Build.0 = Release|x86
		{052CD24C-60D0-4997-90CE-AD2DC128150D}.Release|x86.Deploy.0 = Release|x86
		{4D11D905-68C6-4A6B-9724-C87AD1DFCF77}.Ad-Hoc|Any CPU.ActiveCfg = Release|Any CPU
		{4D11D905-68C6-4A6B-9724-C87AD1DFCF77}.Ad-Hoc|Any CPU.Build.0 = Release|Any CPU
		{4D11D905-68C6-4A6B-9724-C87AD1DFCF77}.Ad-Hoc|ARM.ActiveCfg = Release|Any CPU
		{4D11D905-68C6-4A6B-9724-C87AD1DFCF77}.Ad-Hoc|iPhone.ActiveCfg = Release|Any CPU
		{4D11D905-68C6-4A6B-9724-C87AD1DFCF77}.Ad-Hoc|iPhoneSimulator.ActiveCfg = Release|Any CPU
		{4D11D905-68C6-4A6B-9724-C87AD1DFCF77}.Ad-Hoc|Mixed Platforms.ActiveCfg = Release|Any CPU
		{4D11D905-68C6-4A6B-9724-C87AD1DFCF77}.Ad-Hoc|Mixed Platforms.Build.0 = Release|Any CPU
		{4D11D905-68C6-4A6B-9724-C87AD1DFCF77}.Ad-Hoc|x64.ActiveCfg = Release|Any CPU
		{4D11D905-68C6-4A6B-9724-C87AD1DFCF77}.Ad-Hoc|x86.ActiveCfg = Release|Any CPU
		{4D11D905-68C6-4A6B-9724-C87AD1DFCF77}.AppStore|Any CPU.ActiveCfg = Release|Any CPU
		{4D11D905-68C6-4A6B-9724-C87AD1DFCF77}.AppStore|Any CPU.Build.0 = Release|Any CPU
		{4D11D905-68C6-4A6B-9724-C87AD1DFCF77}.AppStore|ARM.ActiveCfg = Release|Any CPU
		{4D11D905-68C6-4A6B-9724-C87AD1DFCF77}.AppStore|iPhone.ActiveCfg = Release|Any CPU
		{4D11D905-68C6-4A6B-9724-C87AD1DFCF77}.AppStore|iPhoneSimulator.ActiveCfg = Release|Any CPU
		{4D11D905-68C6-4A6B-9724-C87AD1DFCF77}.AppStore|Mixed Platforms.ActiveCfg = Release|Any CPU
		{4D11D905-68C6-4A6B-9724-C87AD1DFCF77}.AppStore|Mixed Platforms.Build.0 = Release|Any CPU
		{4D11D905-68C6-4A6B-9724-C87AD1DFCF77}.AppStore|x64.ActiveCfg = Release|Any CPU
		{4D11D905-68C6-4A6B-9724-C87AD1DFCF77}.AppStore|x86.ActiveCfg = Release|Any CPU
		{4D11D905-68C6-4A6B-9724-C87AD1DFCF77}.Debug|Any CPU.ActiveCfg = Debug|Any CPU
		{4D11D905-68C6-4A6B-9724-C87AD1DFCF77}.Debug|Any CPU.Build.0 = Debug|Any CPU
		{4D11D905-68C6-4A6B-9724-C87AD1DFCF77}.Debug|ARM.ActiveCfg = Debug|Any CPU
		{4D11D905-68C6-4A6B-9724-C87AD1DFCF77}.Debug|iPhone.ActiveCfg = Debug|Any CPU
		{4D11D905-68C6-4A6B-9724-C87AD1DFCF77}.Debug|iPhoneSimulator.ActiveCfg = Debug|Any CPU
		{4D11D905-68C6-4A6B-9724-C87AD1DFCF77}.Debug|Mixed Platforms.ActiveCfg = Debug|Any CPU
		{4D11D905-68C6-4A6B-9724-C87AD1DFCF77}.Debug|Mixed Platforms.Build.0 = Debug|Any CPU
		{4D11D905-68C6-4A6B-9724-C87AD1DFCF77}.Debug|x64.ActiveCfg = Debug|Any CPU
		{4D11D905-68C6-4A6B-9724-C87AD1DFCF77}.Debug|x86.ActiveCfg = Debug|Any CPU
		{4D11D905-68C6-4A6B-9724-C87AD1DFCF77}.Release|Any CPU.ActiveCfg = Release|Any CPU
		{4D11D905-68C6-4A6B-9724-C87AD1DFCF77}.Release|Any CPU.Build.0 = Release|Any CPU
		{4D11D905-68C6-4A6B-9724-C87AD1DFCF77}.Release|ARM.ActiveCfg = Release|Any CPU
		{4D11D905-68C6-4A6B-9724-C87AD1DFCF77}.Release|iPhone.ActiveCfg = Release|Any CPU
		{4D11D905-68C6-4A6B-9724-C87AD1DFCF77}.Release|iPhoneSimulator.ActiveCfg = Release|Any CPU
		{4D11D905-68C6-4A6B-9724-C87AD1DFCF77}.Release|Mixed Platforms.ActiveCfg = Release|Any CPU
		{4D11D905-68C6-4A6B-9724-C87AD1DFCF77}.Release|Mixed Platforms.Build.0 = Release|Any CPU
		{4D11D905-68C6-4A6B-9724-C87AD1DFCF77}.Release|x64.ActiveCfg = Release|Any CPU
		{4D11D905-68C6-4A6B-9724-C87AD1DFCF77}.Release|x86.ActiveCfg = Release|Any CPU
		{A3C64FE0-9858-4D36-AFE1-0B7E1629ED9F}.Ad-Hoc|Any CPU.ActiveCfg = Release|Any CPU
		{A3C64FE0-9858-4D36-AFE1-0B7E1629ED9F}.Ad-Hoc|Any CPU.Build.0 = Release|Any CPU
		{A3C64FE0-9858-4D36-AFE1-0B7E1629ED9F}.Ad-Hoc|Any CPU.Deploy.0 = Release|Any CPU
		{A3C64FE0-9858-4D36-AFE1-0B7E1629ED9F}.Ad-Hoc|ARM.ActiveCfg = Release|Any CPU
		{A3C64FE0-9858-4D36-AFE1-0B7E1629ED9F}.Ad-Hoc|iPhone.ActiveCfg = Release|Any CPU
		{A3C64FE0-9858-4D36-AFE1-0B7E1629ED9F}.Ad-Hoc|iPhoneSimulator.ActiveCfg = Release|Any CPU
		{A3C64FE0-9858-4D36-AFE1-0B7E1629ED9F}.Ad-Hoc|Mixed Platforms.ActiveCfg = Release|Any CPU
		{A3C64FE0-9858-4D36-AFE1-0B7E1629ED9F}.Ad-Hoc|Mixed Platforms.Build.0 = Release|Any CPU
		{A3C64FE0-9858-4D36-AFE1-0B7E1629ED9F}.Ad-Hoc|Mixed Platforms.Deploy.0 = Release|Any CPU
		{A3C64FE0-9858-4D36-AFE1-0B7E1629ED9F}.Ad-Hoc|x64.ActiveCfg = Release|Any CPU
		{A3C64FE0-9858-4D36-AFE1-0B7E1629ED9F}.Ad-Hoc|x86.ActiveCfg = Release|Any CPU
		{A3C64FE0-9858-4D36-AFE1-0B7E1629ED9F}.AppStore|Any CPU.ActiveCfg = Release|Any CPU
		{A3C64FE0-9858-4D36-AFE1-0B7E1629ED9F}.AppStore|Any CPU.Build.0 = Release|Any CPU
		{A3C64FE0-9858-4D36-AFE1-0B7E1629ED9F}.AppStore|Any CPU.Deploy.0 = Release|Any CPU
		{A3C64FE0-9858-4D36-AFE1-0B7E1629ED9F}.AppStore|ARM.ActiveCfg = Release|Any CPU
		{A3C64FE0-9858-4D36-AFE1-0B7E1629ED9F}.AppStore|iPhone.ActiveCfg = Release|Any CPU
		{A3C64FE0-9858-4D36-AFE1-0B7E1629ED9F}.AppStore|iPhoneSimulator.ActiveCfg = Release|Any CPU
		{A3C64FE0-9858-4D36-AFE1-0B7E1629ED9F}.AppStore|Mixed Platforms.ActiveCfg = Release|Any CPU
		{A3C64FE0-9858-4D36-AFE1-0B7E1629ED9F}.AppStore|Mixed Platforms.Build.0 = Release|Any CPU
		{A3C64FE0-9858-4D36-AFE1-0B7E1629ED9F}.AppStore|Mixed Platforms.Deploy.0 = Release|Any CPU
		{A3C64FE0-9858-4D36-AFE1-0B7E1629ED9F}.AppStore|x64.ActiveCfg = Release|Any CPU
		{A3C64FE0-9858-4D36-AFE1-0B7E1629ED9F}.AppStore|x86.ActiveCfg = Release|Any CPU
		{A3C64FE0-9858-4D36-AFE1-0B7E1629ED9F}.Debug|Any CPU.ActiveCfg = Debug|Any CPU
		{A3C64FE0-9858-4D36-AFE1-0B7E1629ED9F}.Debug|Any CPU.Build.0 = Debug|Any CPU
		{A3C64FE0-9858-4D36-AFE1-0B7E1629ED9F}.Debug|Any CPU.Deploy.0 = Debug|Any CPU
		{A3C64FE0-9858-4D36-AFE1-0B7E1629ED9F}.Debug|ARM.ActiveCfg = Debug|Any CPU
		{A3C64FE0-9858-4D36-AFE1-0B7E1629ED9F}.Debug|iPhone.ActiveCfg = Debug|Any CPU
		{A3C64FE0-9858-4D36-AFE1-0B7E1629ED9F}.Debug|iPhoneSimulator.ActiveCfg = Debug|Any CPU
		{A3C64FE0-9858-4D36-AFE1-0B7E1629ED9F}.Debug|Mixed Platforms.ActiveCfg = Debug|Any CPU
		{A3C64FE0-9858-4D36-AFE1-0B7E1629ED9F}.Debug|Mixed Platforms.Build.0 = Debug|Any CPU
		{A3C64FE0-9858-4D36-AFE1-0B7E1629ED9F}.Debug|Mixed Platforms.Deploy.0 = Debug|Any CPU
		{A3C64FE0-9858-4D36-AFE1-0B7E1629ED9F}.Debug|x64.ActiveCfg = Debug|Any CPU
		{A3C64FE0-9858-4D36-AFE1-0B7E1629ED9F}.Debug|x86.ActiveCfg = Debug|Any CPU
		{A3C64FE0-9858-4D36-AFE1-0B7E1629ED9F}.Release|Any CPU.ActiveCfg = Release|Any CPU
		{A3C64FE0-9858-4D36-AFE1-0B7E1629ED9F}.Release|Any CPU.Build.0 = Release|Any CPU
		{A3C64FE0-9858-4D36-AFE1-0B7E1629ED9F}.Release|Any CPU.Deploy.0 = Release|Any CPU
		{A3C64FE0-9858-4D36-AFE1-0B7E1629ED9F}.Release|ARM.ActiveCfg = Release|Any CPU
		{A3C64FE0-9858-4D36-AFE1-0B7E1629ED9F}.Release|iPhone.ActiveCfg = Release|Any CPU
		{A3C64FE0-9858-4D36-AFE1-0B7E1629ED9F}.Release|iPhoneSimulator.ActiveCfg = Release|Any CPU
		{A3C64FE0-9858-4D36-AFE1-0B7E1629ED9F}.Release|Mixed Platforms.ActiveCfg = Release|Any CPU
		{A3C64FE0-9858-4D36-AFE1-0B7E1629ED9F}.Release|Mixed Platforms.Build.0 = Release|Any CPU
		{A3C64FE0-9858-4D36-AFE1-0B7E1629ED9F}.Release|Mixed Platforms.Deploy.0 = Release|Any CPU
		{A3C64FE0-9858-4D36-AFE1-0B7E1629ED9F}.Release|x64.ActiveCfg = Release|Any CPU
		{A3C64FE0-9858-4D36-AFE1-0B7E1629ED9F}.Release|x86.ActiveCfg = Release|Any CPU
		{AF75C536-FEC5-4C62-ACBC-0F9A2A7E2CC5}.Ad-Hoc|Any CPU.ActiveCfg = Ad-Hoc|iPhone
		{AF75C536-FEC5-4C62-ACBC-0F9A2A7E2CC5}.Ad-Hoc|ARM.ActiveCfg = Ad-Hoc|iPhone
		{AF75C536-FEC5-4C62-ACBC-0F9A2A7E2CC5}.Ad-Hoc|iPhone.ActiveCfg = Ad-Hoc|iPhone
		{AF75C536-FEC5-4C62-ACBC-0F9A2A7E2CC5}.Ad-Hoc|iPhone.Build.0 = Ad-Hoc|iPhone
		{AF75C536-FEC5-4C62-ACBC-0F9A2A7E2CC5}.Ad-Hoc|iPhoneSimulator.ActiveCfg = Ad-Hoc|iPhoneSimulator
		{AF75C536-FEC5-4C62-ACBC-0F9A2A7E2CC5}.Ad-Hoc|iPhoneSimulator.Build.0 = Ad-Hoc|iPhoneSimulator
		{AF75C536-FEC5-4C62-ACBC-0F9A2A7E2CC5}.Ad-Hoc|Mixed Platforms.ActiveCfg = Ad-Hoc|iPhone
		{AF75C536-FEC5-4C62-ACBC-0F9A2A7E2CC5}.Ad-Hoc|Mixed Platforms.Build.0 = Ad-Hoc|iPhone
		{AF75C536-FEC5-4C62-ACBC-0F9A2A7E2CC5}.Ad-Hoc|x64.ActiveCfg = Ad-Hoc|iPhone
		{AF75C536-FEC5-4C62-ACBC-0F9A2A7E2CC5}.Ad-Hoc|x86.ActiveCfg = Ad-Hoc|iPhone
		{AF75C536-FEC5-4C62-ACBC-0F9A2A7E2CC5}.AppStore|Any CPU.ActiveCfg = AppStore|iPhone
		{AF75C536-FEC5-4C62-ACBC-0F9A2A7E2CC5}.AppStore|ARM.ActiveCfg = AppStore|iPhone
		{AF75C536-FEC5-4C62-ACBC-0F9A2A7E2CC5}.AppStore|iPhone.ActiveCfg = AppStore|iPhone
		{AF75C536-FEC5-4C62-ACBC-0F9A2A7E2CC5}.AppStore|iPhone.Build.0 = AppStore|iPhone
		{AF75C536-FEC5-4C62-ACBC-0F9A2A7E2CC5}.AppStore|iPhoneSimulator.ActiveCfg = AppStore|iPhoneSimulator
		{AF75C536-FEC5-4C62-ACBC-0F9A2A7E2CC5}.AppStore|iPhoneSimulator.Build.0 = AppStore|iPhoneSimulator
		{AF75C536-FEC5-4C62-ACBC-0F9A2A7E2CC5}.AppStore|Mixed Platforms.ActiveCfg = AppStore|iPhone
		{AF75C536-FEC5-4C62-ACBC-0F9A2A7E2CC5}.AppStore|Mixed Platforms.Build.0 = AppStore|iPhone
		{AF75C536-FEC5-4C62-ACBC-0F9A2A7E2CC5}.AppStore|x64.ActiveCfg = AppStore|iPhone
		{AF75C536-FEC5-4C62-ACBC-0F9A2A7E2CC5}.AppStore|x86.ActiveCfg = AppStore|iPhone
		{AF75C536-FEC5-4C62-ACBC-0F9A2A7E2CC5}.Debug|Any CPU.ActiveCfg = Debug|iPhone
		{AF75C536-FEC5-4C62-ACBC-0F9A2A7E2CC5}.Debug|ARM.ActiveCfg = Debug|iPhone
		{AF75C536-FEC5-4C62-ACBC-0F9A2A7E2CC5}.Debug|iPhone.ActiveCfg = Debug|iPhone
		{AF75C536-FEC5-4C62-ACBC-0F9A2A7E2CC5}.Debug|iPhone.Build.0 = Debug|iPhone
		{AF75C536-FEC5-4C62-ACBC-0F9A2A7E2CC5}.Debug|iPhoneSimulator.ActiveCfg = Debug|iPhoneSimulator
		{AF75C536-FEC5-4C62-ACBC-0F9A2A7E2CC5}.Debug|iPhoneSimulator.Build.0 = Debug|iPhoneSimulator
		{AF75C536-FEC5-4C62-ACBC-0F9A2A7E2CC5}.Debug|Mixed Platforms.ActiveCfg = Debug|iPhone
		{AF75C536-FEC5-4C62-ACBC-0F9A2A7E2CC5}.Debug|Mixed Platforms.Build.0 = Debug|iPhone
		{AF75C536-FEC5-4C62-ACBC-0F9A2A7E2CC5}.Debug|x64.ActiveCfg = Debug|iPhone
		{AF75C536-FEC5-4C62-ACBC-0F9A2A7E2CC5}.Debug|x86.ActiveCfg = Debug|iPhone
		{AF75C536-FEC5-4C62-ACBC-0F9A2A7E2CC5}.Release|Any CPU.ActiveCfg = Release|iPhone
		{AF75C536-FEC5-4C62-ACBC-0F9A2A7E2CC5}.Release|ARM.ActiveCfg = Release|iPhone
		{AF75C536-FEC5-4C62-ACBC-0F9A2A7E2CC5}.Release|iPhone.ActiveCfg = Release|iPhone
		{AF75C536-FEC5-4C62-ACBC-0F9A2A7E2CC5}.Release|iPhone.Build.0 = Release|iPhone
		{AF75C536-FEC5-4C62-ACBC-0F9A2A7E2CC5}.Release|iPhoneSimulator.ActiveCfg = Release|iPhoneSimulator
		{AF75C536-FEC5-4C62-ACBC-0F9A2A7E2CC5}.Release|iPhoneSimulator.Build.0 = Release|iPhoneSimulator
		{AF75C536-FEC5-4C62-ACBC-0F9A2A7E2CC5}.Release|Mixed Platforms.ActiveCfg = Release|iPhone
		{AF75C536-FEC5-4C62-ACBC-0F9A2A7E2CC5}.Release|Mixed Platforms.Build.0 = Release|iPhone
		{AF75C536-FEC5-4C62-ACBC-0F9A2A7E2CC5}.Release|x64.ActiveCfg = Release|iPhone
		{AF75C536-FEC5-4C62-ACBC-0F9A2A7E2CC5}.Release|x86.ActiveCfg = Release|iPhone
		{1EBD353C-9DFB-4DBA-9564-F4A73C6F355F}.Ad-Hoc|Any CPU.ActiveCfg = Release|Any CPU
		{1EBD353C-9DFB-4DBA-9564-F4A73C6F355F}.Ad-Hoc|Any CPU.Build.0 = Release|Any CPU
		{1EBD353C-9DFB-4DBA-9564-F4A73C6F355F}.Ad-Hoc|ARM.ActiveCfg = Release|Any CPU
		{1EBD353C-9DFB-4DBA-9564-F4A73C6F355F}.Ad-Hoc|iPhone.ActiveCfg = Release|Any CPU
		{1EBD353C-9DFB-4DBA-9564-F4A73C6F355F}.Ad-Hoc|iPhoneSimulator.ActiveCfg = Release|Any CPU
		{1EBD353C-9DFB-4DBA-9564-F4A73C6F355F}.Ad-Hoc|Mixed Platforms.ActiveCfg = Release|Any CPU
		{1EBD353C-9DFB-4DBA-9564-F4A73C6F355F}.Ad-Hoc|Mixed Platforms.Build.0 = Release|Any CPU
		{1EBD353C-9DFB-4DBA-9564-F4A73C6F355F}.Ad-Hoc|x64.ActiveCfg = Release|Any CPU
		{1EBD353C-9DFB-4DBA-9564-F4A73C6F355F}.Ad-Hoc|x86.ActiveCfg = Release|Any CPU
		{1EBD353C-9DFB-4DBA-9564-F4A73C6F355F}.AppStore|Any CPU.ActiveCfg = Release|Any CPU
		{1EBD353C-9DFB-4DBA-9564-F4A73C6F355F}.AppStore|Any CPU.Build.0 = Release|Any CPU
		{1EBD353C-9DFB-4DBA-9564-F4A73C6F355F}.AppStore|ARM.ActiveCfg = Release|Any CPU
		{1EBD353C-9DFB-4DBA-9564-F4A73C6F355F}.AppStore|iPhone.ActiveCfg = Release|Any CPU
		{1EBD353C-9DFB-4DBA-9564-F4A73C6F355F}.AppStore|iPhoneSimulator.ActiveCfg = Release|Any CPU
		{1EBD353C-9DFB-4DBA-9564-F4A73C6F355F}.AppStore|Mixed Platforms.ActiveCfg = Release|Any CPU
		{1EBD353C-9DFB-4DBA-9564-F4A73C6F355F}.AppStore|Mixed Platforms.Build.0 = Release|Any CPU
		{1EBD353C-9DFB-4DBA-9564-F4A73C6F355F}.AppStore|x64.ActiveCfg = Release|Any CPU
		{1EBD353C-9DFB-4DBA-9564-F4A73C6F355F}.AppStore|x86.ActiveCfg = Release|Any CPU
		{1EBD353C-9DFB-4DBA-9564-F4A73C6F355F}.Debug|Any CPU.ActiveCfg = Debug|Any CPU
		{1EBD353C-9DFB-4DBA-9564-F4A73C6F355F}.Debug|Any CPU.Build.0 = Debug|Any CPU
		{1EBD353C-9DFB-4DBA-9564-F4A73C6F355F}.Debug|ARM.ActiveCfg = Debug|Any CPU
		{1EBD353C-9DFB-4DBA-9564-F4A73C6F355F}.Debug|iPhone.ActiveCfg = Debug|Any CPU
		{1EBD353C-9DFB-4DBA-9564-F4A73C6F355F}.Debug|iPhoneSimulator.ActiveCfg = Debug|Any CPU
		{1EBD353C-9DFB-4DBA-9564-F4A73C6F355F}.Debug|iPhoneSimulator.Build.0 = Debug|Any CPU
		{1EBD353C-9DFB-4DBA-9564-F4A73C6F355F}.Debug|Mixed Platforms.ActiveCfg = Debug|Any CPU
		{1EBD353C-9DFB-4DBA-9564-F4A73C6F355F}.Debug|Mixed Platforms.Build.0 = Debug|Any CPU
		{1EBD353C-9DFB-4DBA-9564-F4A73C6F355F}.Debug|x64.ActiveCfg = Debug|Any CPU
		{1EBD353C-9DFB-4DBA-9564-F4A73C6F355F}.Debug|x86.ActiveCfg = Debug|Any CPU
		{1EBD353C-9DFB-4DBA-9564-F4A73C6F355F}.Release|Any CPU.ActiveCfg = Release|Any CPU
		{1EBD353C-9DFB-4DBA-9564-F4A73C6F355F}.Release|Any CPU.Build.0 = Release|Any CPU
		{1EBD353C-9DFB-4DBA-9564-F4A73C6F355F}.Release|ARM.ActiveCfg = Release|Any CPU
		{1EBD353C-9DFB-4DBA-9564-F4A73C6F355F}.Release|iPhone.ActiveCfg = Release|Any CPU
		{1EBD353C-9DFB-4DBA-9564-F4A73C6F355F}.Release|iPhoneSimulator.ActiveCfg = Release|Any CPU
		{1EBD353C-9DFB-4DBA-9564-F4A73C6F355F}.Release|Mixed Platforms.ActiveCfg = Release|Any CPU
		{1EBD353C-9DFB-4DBA-9564-F4A73C6F355F}.Release|Mixed Platforms.Build.0 = Release|Any CPU
		{1EBD353C-9DFB-4DBA-9564-F4A73C6F355F}.Release|x64.ActiveCfg = Release|Any CPU
		{1EBD353C-9DFB-4DBA-9564-F4A73C6F355F}.Release|x86.ActiveCfg = Release|Any CPU
		{B9D0C9D6-1E9C-47FF-B967-AFB828987E9F}.Ad-Hoc|Any CPU.ActiveCfg = Ad-Hoc|iPhone
		{B9D0C9D6-1E9C-47FF-B967-AFB828987E9F}.Ad-Hoc|ARM.ActiveCfg = Ad-Hoc|iPhone
		{B9D0C9D6-1E9C-47FF-B967-AFB828987E9F}.Ad-Hoc|iPhone.ActiveCfg = Ad-Hoc|iPhone
		{B9D0C9D6-1E9C-47FF-B967-AFB828987E9F}.Ad-Hoc|iPhone.Build.0 = Ad-Hoc|iPhone
		{B9D0C9D6-1E9C-47FF-B967-AFB828987E9F}.Ad-Hoc|iPhone.Deploy.0 = Ad-Hoc|iPhone
		{B9D0C9D6-1E9C-47FF-B967-AFB828987E9F}.Ad-Hoc|iPhoneSimulator.ActiveCfg = Ad-Hoc|iPhoneSimulator
		{B9D0C9D6-1E9C-47FF-B967-AFB828987E9F}.Ad-Hoc|iPhoneSimulator.Build.0 = Ad-Hoc|iPhoneSimulator
		{B9D0C9D6-1E9C-47FF-B967-AFB828987E9F}.Ad-Hoc|iPhoneSimulator.Deploy.0 = Ad-Hoc|iPhoneSimulator
		{B9D0C9D6-1E9C-47FF-B967-AFB828987E9F}.Ad-Hoc|Mixed Platforms.ActiveCfg = Ad-Hoc|iPhone
		{B9D0C9D6-1E9C-47FF-B967-AFB828987E9F}.Ad-Hoc|Mixed Platforms.Build.0 = Ad-Hoc|iPhone
		{B9D0C9D6-1E9C-47FF-B967-AFB828987E9F}.Ad-Hoc|Mixed Platforms.Deploy.0 = Ad-Hoc|iPhone
		{B9D0C9D6-1E9C-47FF-B967-AFB828987E9F}.Ad-Hoc|x64.ActiveCfg = Ad-Hoc|iPhone
		{B9D0C9D6-1E9C-47FF-B967-AFB828987E9F}.Ad-Hoc|x86.ActiveCfg = Ad-Hoc|iPhone
		{B9D0C9D6-1E9C-47FF-B967-AFB828987E9F}.AppStore|Any CPU.ActiveCfg = AppStore|iPhone
		{B9D0C9D6-1E9C-47FF-B967-AFB828987E9F}.AppStore|ARM.ActiveCfg = AppStore|iPhone
		{B9D0C9D6-1E9C-47FF-B967-AFB828987E9F}.AppStore|iPhone.ActiveCfg = AppStore|iPhone
		{B9D0C9D6-1E9C-47FF-B967-AFB828987E9F}.AppStore|iPhone.Build.0 = AppStore|iPhone
		{B9D0C9D6-1E9C-47FF-B967-AFB828987E9F}.AppStore|iPhone.Deploy.0 = AppStore|iPhone
		{B9D0C9D6-1E9C-47FF-B967-AFB828987E9F}.AppStore|iPhoneSimulator.ActiveCfg = AppStore|iPhoneSimulator
		{B9D0C9D6-1E9C-47FF-B967-AFB828987E9F}.AppStore|iPhoneSimulator.Build.0 = AppStore|iPhoneSimulator
		{B9D0C9D6-1E9C-47FF-B967-AFB828987E9F}.AppStore|iPhoneSimulator.Deploy.0 = AppStore|iPhoneSimulator
		{B9D0C9D6-1E9C-47FF-B967-AFB828987E9F}.AppStore|Mixed Platforms.ActiveCfg = AppStore|iPhone
		{B9D0C9D6-1E9C-47FF-B967-AFB828987E9F}.AppStore|Mixed Platforms.Build.0 = AppStore|iPhone
		{B9D0C9D6-1E9C-47FF-B967-AFB828987E9F}.AppStore|Mixed Platforms.Deploy.0 = AppStore|iPhone
		{B9D0C9D6-1E9C-47FF-B967-AFB828987E9F}.AppStore|x64.ActiveCfg = AppStore|iPhone
		{B9D0C9D6-1E9C-47FF-B967-AFB828987E9F}.AppStore|x86.ActiveCfg = AppStore|iPhone
		{B9D0C9D6-1E9C-47FF-B967-AFB828987E9F}.Debug|Any CPU.ActiveCfg = Debug|iPhone
		{B9D0C9D6-1E9C-47FF-B967-AFB828987E9F}.Debug|ARM.ActiveCfg = Debug|iPhone
		{B9D0C9D6-1E9C-47FF-B967-AFB828987E9F}.Debug|iPhone.ActiveCfg = Debug|iPhone
		{B9D0C9D6-1E9C-47FF-B967-AFB828987E9F}.Debug|iPhone.Build.0 = Debug|iPhone
		{B9D0C9D6-1E9C-47FF-B967-AFB828987E9F}.Debug|iPhone.Deploy.0 = Debug|iPhone
		{B9D0C9D6-1E9C-47FF-B967-AFB828987E9F}.Debug|iPhoneSimulator.ActiveCfg = Debug|iPhoneSimulator
		{B9D0C9D6-1E9C-47FF-B967-AFB828987E9F}.Debug|iPhoneSimulator.Build.0 = Debug|iPhoneSimulator
		{B9D0C9D6-1E9C-47FF-B967-AFB828987E9F}.Debug|iPhoneSimulator.Deploy.0 = Debug|iPhoneSimulator
		{B9D0C9D6-1E9C-47FF-B967-AFB828987E9F}.Debug|Mixed Platforms.ActiveCfg = Debug|iPhone
		{B9D0C9D6-1E9C-47FF-B967-AFB828987E9F}.Debug|Mixed Platforms.Build.0 = Debug|iPhone
		{B9D0C9D6-1E9C-47FF-B967-AFB828987E9F}.Debug|Mixed Platforms.Deploy.0 = Debug|iPhone
		{B9D0C9D6-1E9C-47FF-B967-AFB828987E9F}.Debug|x64.ActiveCfg = Debug|iPhone
		{B9D0C9D6-1E9C-47FF-B967-AFB828987E9F}.Debug|x86.ActiveCfg = Debug|iPhone
		{B9D0C9D6-1E9C-47FF-B967-AFB828987E9F}.Release|Any CPU.ActiveCfg = Release|iPhone
		{B9D0C9D6-1E9C-47FF-B967-AFB828987E9F}.Release|ARM.ActiveCfg = Release|iPhone
		{B9D0C9D6-1E9C-47FF-B967-AFB828987E9F}.Release|iPhone.ActiveCfg = Release|iPhone
		{B9D0C9D6-1E9C-47FF-B967-AFB828987E9F}.Release|iPhone.Build.0 = Release|iPhone
		{B9D0C9D6-1E9C-47FF-B967-AFB828987E9F}.Release|iPhone.Deploy.0 = Release|iPhone
		{B9D0C9D6-1E9C-47FF-B967-AFB828987E9F}.Release|iPhoneSimulator.ActiveCfg = Release|iPhoneSimulator
		{B9D0C9D6-1E9C-47FF-B967-AFB828987E9F}.Release|iPhoneSimulator.Build.0 = Release|iPhoneSimulator
		{B9D0C9D6-1E9C-47FF-B967-AFB828987E9F}.Release|iPhoneSimulator.Deploy.0 = Release|iPhoneSimulator
		{B9D0C9D6-1E9C-47FF-B967-AFB828987E9F}.Release|Mixed Platforms.ActiveCfg = Release|iPhone
		{B9D0C9D6-1E9C-47FF-B967-AFB828987E9F}.Release|Mixed Platforms.Build.0 = Release|iPhone
		{B9D0C9D6-1E9C-47FF-B967-AFB828987E9F}.Release|Mixed Platforms.Deploy.0 = Release|iPhone
		{B9D0C9D6-1E9C-47FF-B967-AFB828987E9F}.Release|x64.ActiveCfg = Release|iPhone
		{B9D0C9D6-1E9C-47FF-B967-AFB828987E9F}.Release|x86.ActiveCfg = Release|iPhone
		{7F0A95FB-E90C-44CB-A51D-53929CEFA100}.Ad-Hoc|Any CPU.ActiveCfg = Release|Any CPU
		{7F0A95FB-E90C-44CB-A51D-53929CEFA100}.Ad-Hoc|Any CPU.Build.0 = Release|Any CPU
		{7F0A95FB-E90C-44CB-A51D-53929CEFA100}.Ad-Hoc|Any CPU.Deploy.0 = Release|Any CPU
		{7F0A95FB-E90C-44CB-A51D-53929CEFA100}.Ad-Hoc|ARM.ActiveCfg = Release|Any CPU
		{7F0A95FB-E90C-44CB-A51D-53929CEFA100}.Ad-Hoc|iPhone.ActiveCfg = Release|Any CPU
		{7F0A95FB-E90C-44CB-A51D-53929CEFA100}.Ad-Hoc|iPhoneSimulator.ActiveCfg = Release|Any CPU
		{7F0A95FB-E90C-44CB-A51D-53929CEFA100}.Ad-Hoc|Mixed Platforms.ActiveCfg = Release|Any CPU
		{7F0A95FB-E90C-44CB-A51D-53929CEFA100}.Ad-Hoc|Mixed Platforms.Build.0 = Release|Any CPU
		{7F0A95FB-E90C-44CB-A51D-53929CEFA100}.Ad-Hoc|Mixed Platforms.Deploy.0 = Release|Any CPU
		{7F0A95FB-E90C-44CB-A51D-53929CEFA100}.Ad-Hoc|x64.ActiveCfg = Release|Any CPU
		{7F0A95FB-E90C-44CB-A51D-53929CEFA100}.Ad-Hoc|x86.ActiveCfg = Release|Any CPU
		{7F0A95FB-E90C-44CB-A51D-53929CEFA100}.AppStore|Any CPU.ActiveCfg = Release|Any CPU
		{7F0A95FB-E90C-44CB-A51D-53929CEFA100}.AppStore|Any CPU.Build.0 = Release|Any CPU
		{7F0A95FB-E90C-44CB-A51D-53929CEFA100}.AppStore|Any CPU.Deploy.0 = Release|Any CPU
		{7F0A95FB-E90C-44CB-A51D-53929CEFA100}.AppStore|ARM.ActiveCfg = Release|Any CPU
		{7F0A95FB-E90C-44CB-A51D-53929CEFA100}.AppStore|iPhone.ActiveCfg = Release|Any CPU
		{7F0A95FB-E90C-44CB-A51D-53929CEFA100}.AppStore|iPhoneSimulator.ActiveCfg = Release|Any CPU
		{7F0A95FB-E90C-44CB-A51D-53929CEFA100}.AppStore|Mixed Platforms.ActiveCfg = Release|Any CPU
		{7F0A95FB-E90C-44CB-A51D-53929CEFA100}.AppStore|Mixed Platforms.Build.0 = Release|Any CPU
		{7F0A95FB-E90C-44CB-A51D-53929CEFA100}.AppStore|Mixed Platforms.Deploy.0 = Release|Any CPU
		{7F0A95FB-E90C-44CB-A51D-53929CEFA100}.AppStore|x64.ActiveCfg = Release|Any CPU
		{7F0A95FB-E90C-44CB-A51D-53929CEFA100}.AppStore|x86.ActiveCfg = Release|Any CPU
		{7F0A95FB-E90C-44CB-A51D-53929CEFA100}.Debug|Any CPU.ActiveCfg = Debug|Any CPU
		{7F0A95FB-E90C-44CB-A51D-53929CEFA100}.Debug|Any CPU.Build.0 = Debug|Any CPU
		{7F0A95FB-E90C-44CB-A51D-53929CEFA100}.Debug|Any CPU.Deploy.0 = Debug|Any CPU
		{7F0A95FB-E90C-44CB-A51D-53929CEFA100}.Debug|ARM.ActiveCfg = Debug|Any CPU
		{7F0A95FB-E90C-44CB-A51D-53929CEFA100}.Debug|iPhone.ActiveCfg = Debug|Any CPU
		{7F0A95FB-E90C-44CB-A51D-53929CEFA100}.Debug|iPhoneSimulator.ActiveCfg = Debug|Any CPU
		{7F0A95FB-E90C-44CB-A51D-53929CEFA100}.Debug|Mixed Platforms.ActiveCfg = Debug|Any CPU
		{7F0A95FB-E90C-44CB-A51D-53929CEFA100}.Debug|Mixed Platforms.Build.0 = Debug|Any CPU
		{7F0A95FB-E90C-44CB-A51D-53929CEFA100}.Debug|Mixed Platforms.Deploy.0 = Debug|Any CPU
		{7F0A95FB-E90C-44CB-A51D-53929CEFA100}.Debug|x64.ActiveCfg = Debug|Any CPU
		{7F0A95FB-E90C-44CB-A51D-53929CEFA100}.Debug|x86.ActiveCfg = Debug|Any CPU
		{7F0A95FB-E90C-44CB-A51D-53929CEFA100}.Release|Any CPU.ActiveCfg = Release|Any CPU
		{7F0A95FB-E90C-44CB-A51D-53929CEFA100}.Release|Any CPU.Build.0 = Release|Any CPU
		{7F0A95FB-E90C-44CB-A51D-53929CEFA100}.Release|Any CPU.Deploy.0 = Release|Any CPU
		{7F0A95FB-E90C-44CB-A51D-53929CEFA100}.Release|ARM.ActiveCfg = Release|Any CPU
		{7F0A95FB-E90C-44CB-A51D-53929CEFA100}.Release|iPhone.ActiveCfg = Release|Any CPU
		{7F0A95FB-E90C-44CB-A51D-53929CEFA100}.Release|iPhoneSimulator.ActiveCfg = Release|Any CPU
		{7F0A95FB-E90C-44CB-A51D-53929CEFA100}.Release|Mixed Platforms.ActiveCfg = Release|Any CPU
		{7F0A95FB-E90C-44CB-A51D-53929CEFA100}.Release|Mixed Platforms.Build.0 = Release|Any CPU
		{7F0A95FB-E90C-44CB-A51D-53929CEFA100}.Release|Mixed Platforms.Deploy.0 = Release|Any CPU
		{7F0A95FB-E90C-44CB-A51D-53929CEFA100}.Release|x64.ActiveCfg = Release|Any CPU
		{7F0A95FB-E90C-44CB-A51D-53929CEFA100}.Release|x86.ActiveCfg = Release|Any CPU
		{DE7BB516-4144-48CB-8A46-CAF1DAB86372}.Ad-Hoc|Any CPU.ActiveCfg = Release|Any CPU
		{DE7BB516-4144-48CB-8A46-CAF1DAB86372}.Ad-Hoc|Any CPU.Build.0 = Release|Any CPU
		{DE7BB516-4144-48CB-8A46-CAF1DAB86372}.Ad-Hoc|Any CPU.Deploy.0 = Release|Any CPU
		{DE7BB516-4144-48CB-8A46-CAF1DAB86372}.Ad-Hoc|ARM.ActiveCfg = Release|ARM
		{DE7BB516-4144-48CB-8A46-CAF1DAB86372}.Ad-Hoc|ARM.Build.0 = Release|ARM
		{DE7BB516-4144-48CB-8A46-CAF1DAB86372}.Ad-Hoc|ARM.Deploy.0 = Release|ARM
		{DE7BB516-4144-48CB-8A46-CAF1DAB86372}.Ad-Hoc|iPhone.ActiveCfg = Release|Any CPU
		{DE7BB516-4144-48CB-8A46-CAF1DAB86372}.Ad-Hoc|iPhoneSimulator.ActiveCfg = Release|Any CPU
		{DE7BB516-4144-48CB-8A46-CAF1DAB86372}.Ad-Hoc|Mixed Platforms.ActiveCfg = Release|x86
		{DE7BB516-4144-48CB-8A46-CAF1DAB86372}.Ad-Hoc|Mixed Platforms.Build.0 = Release|x86
		{DE7BB516-4144-48CB-8A46-CAF1DAB86372}.Ad-Hoc|Mixed Platforms.Deploy.0 = Release|x86
		{DE7BB516-4144-48CB-8A46-CAF1DAB86372}.Ad-Hoc|x64.ActiveCfg = Release|Any CPU
		{DE7BB516-4144-48CB-8A46-CAF1DAB86372}.Ad-Hoc|x86.ActiveCfg = Release|x86
		{DE7BB516-4144-48CB-8A46-CAF1DAB86372}.Ad-Hoc|x86.Build.0 = Release|x86
		{DE7BB516-4144-48CB-8A46-CAF1DAB86372}.Ad-Hoc|x86.Deploy.0 = Release|x86
		{DE7BB516-4144-48CB-8A46-CAF1DAB86372}.AppStore|Any CPU.ActiveCfg = Release|Any CPU
		{DE7BB516-4144-48CB-8A46-CAF1DAB86372}.AppStore|Any CPU.Build.0 = Release|Any CPU
		{DE7BB516-4144-48CB-8A46-CAF1DAB86372}.AppStore|Any CPU.Deploy.0 = Release|Any CPU
		{DE7BB516-4144-48CB-8A46-CAF1DAB86372}.AppStore|ARM.ActiveCfg = Release|ARM
		{DE7BB516-4144-48CB-8A46-CAF1DAB86372}.AppStore|ARM.Build.0 = Release|ARM
		{DE7BB516-4144-48CB-8A46-CAF1DAB86372}.AppStore|ARM.Deploy.0 = Release|ARM
		{DE7BB516-4144-48CB-8A46-CAF1DAB86372}.AppStore|iPhone.ActiveCfg = Release|Any CPU
		{DE7BB516-4144-48CB-8A46-CAF1DAB86372}.AppStore|iPhoneSimulator.ActiveCfg = Release|Any CPU
		{DE7BB516-4144-48CB-8A46-CAF1DAB86372}.AppStore|Mixed Platforms.ActiveCfg = Release|x86
		{DE7BB516-4144-48CB-8A46-CAF1DAB86372}.AppStore|Mixed Platforms.Build.0 = Release|x86
		{DE7BB516-4144-48CB-8A46-CAF1DAB86372}.AppStore|Mixed Platforms.Deploy.0 = Release|x86
		{DE7BB516-4144-48CB-8A46-CAF1DAB86372}.AppStore|x64.ActiveCfg = Release|Any CPU
		{DE7BB516-4144-48CB-8A46-CAF1DAB86372}.AppStore|x86.ActiveCfg = Release|x86
		{DE7BB516-4144-48CB-8A46-CAF1DAB86372}.AppStore|x86.Build.0 = Release|x86
		{DE7BB516-4144-48CB-8A46-CAF1DAB86372}.AppStore|x86.Deploy.0 = Release|x86
		{DE7BB516-4144-48CB-8A46-CAF1DAB86372}.Debug|Any CPU.ActiveCfg = Debug|Any CPU
		{DE7BB516-4144-48CB-8A46-CAF1DAB86372}.Debug|Any CPU.Build.0 = Debug|Any CPU
		{DE7BB516-4144-48CB-8A46-CAF1DAB86372}.Debug|Any CPU.Deploy.0 = Debug|Any CPU
		{DE7BB516-4144-48CB-8A46-CAF1DAB86372}.Debug|ARM.ActiveCfg = Debug|ARM
		{DE7BB516-4144-48CB-8A46-CAF1DAB86372}.Debug|ARM.Build.0 = Debug|ARM
		{DE7BB516-4144-48CB-8A46-CAF1DAB86372}.Debug|ARM.Deploy.0 = Debug|ARM
		{DE7BB516-4144-48CB-8A46-CAF1DAB86372}.Debug|iPhone.ActiveCfg = Debug|Any CPU
		{DE7BB516-4144-48CB-8A46-CAF1DAB86372}.Debug|iPhoneSimulator.ActiveCfg = Debug|Any CPU
		{DE7BB516-4144-48CB-8A46-CAF1DAB86372}.Debug|Mixed Platforms.ActiveCfg = Debug|x86
		{DE7BB516-4144-48CB-8A46-CAF1DAB86372}.Debug|Mixed Platforms.Build.0 = Debug|x86
		{DE7BB516-4144-48CB-8A46-CAF1DAB86372}.Debug|Mixed Platforms.Deploy.0 = Debug|x86
		{DE7BB516-4144-48CB-8A46-CAF1DAB86372}.Debug|x64.ActiveCfg = Debug|Any CPU
		{DE7BB516-4144-48CB-8A46-CAF1DAB86372}.Debug|x86.ActiveCfg = Debug|x86
		{DE7BB516-4144-48CB-8A46-CAF1DAB86372}.Debug|x86.Build.0 = Debug|x86
		{DE7BB516-4144-48CB-8A46-CAF1DAB86372}.Debug|x86.Deploy.0 = Debug|x86
		{DE7BB516-4144-48CB-8A46-CAF1DAB86372}.Release|Any CPU.ActiveCfg = Release|Any CPU
		{DE7BB516-4144-48CB-8A46-CAF1DAB86372}.Release|Any CPU.Build.0 = Release|Any CPU
		{DE7BB516-4144-48CB-8A46-CAF1DAB86372}.Release|Any CPU.Deploy.0 = Release|Any CPU
		{DE7BB516-4144-48CB-8A46-CAF1DAB86372}.Release|ARM.ActiveCfg = Release|ARM
		{DE7BB516-4144-48CB-8A46-CAF1DAB86372}.Release|ARM.Build.0 = Release|ARM
		{DE7BB516-4144-48CB-8A46-CAF1DAB86372}.Release|ARM.Deploy.0 = Release|ARM
		{DE7BB516-4144-48CB-8A46-CAF1DAB86372}.Release|iPhone.ActiveCfg = Release|Any CPU
		{DE7BB516-4144-48CB-8A46-CAF1DAB86372}.Release|iPhoneSimulator.ActiveCfg = Release|Any CPU
		{DE7BB516-4144-48CB-8A46-CAF1DAB86372}.Release|Mixed Platforms.ActiveCfg = Release|x86
		{DE7BB516-4144-48CB-8A46-CAF1DAB86372}.Release|Mixed Platforms.Build.0 = Release|x86
		{DE7BB516-4144-48CB-8A46-CAF1DAB86372}.Release|Mixed Platforms.Deploy.0 = Release|x86
		{DE7BB516-4144-48CB-8A46-CAF1DAB86372}.Release|x64.ActiveCfg = Release|Any CPU
		{DE7BB516-4144-48CB-8A46-CAF1DAB86372}.Release|x86.ActiveCfg = Release|x86
		{DE7BB516-4144-48CB-8A46-CAF1DAB86372}.Release|x86.Build.0 = Release|x86
		{DE7BB516-4144-48CB-8A46-CAF1DAB86372}.Release|x86.Deploy.0 = Release|x86
		{870FE91E-BCCF-4258-8D44-92E46F921358}.Ad-Hoc|Any CPU.ActiveCfg = Release|Any CPU
		{870FE91E-BCCF-4258-8D44-92E46F921358}.Ad-Hoc|Any CPU.Build.0 = Release|Any CPU
		{870FE91E-BCCF-4258-8D44-92E46F921358}.Ad-Hoc|ARM.ActiveCfg = Release|Any CPU
		{870FE91E-BCCF-4258-8D44-92E46F921358}.Ad-Hoc|iPhone.ActiveCfg = Release|Any CPU
		{870FE91E-BCCF-4258-8D44-92E46F921358}.Ad-Hoc|iPhoneSimulator.ActiveCfg = Release|Any CPU
		{870FE91E-BCCF-4258-8D44-92E46F921358}.Ad-Hoc|Mixed Platforms.ActiveCfg = Release|Any CPU
		{870FE91E-BCCF-4258-8D44-92E46F921358}.Ad-Hoc|Mixed Platforms.Build.0 = Release|Any CPU
		{870FE91E-BCCF-4258-8D44-92E46F921358}.Ad-Hoc|x64.ActiveCfg = Release|Any CPU
		{870FE91E-BCCF-4258-8D44-92E46F921358}.Ad-Hoc|x86.ActiveCfg = Release|Any CPU
		{870FE91E-BCCF-4258-8D44-92E46F921358}.AppStore|Any CPU.ActiveCfg = Release|Any CPU
		{870FE91E-BCCF-4258-8D44-92E46F921358}.AppStore|Any CPU.Build.0 = Release|Any CPU
		{870FE91E-BCCF-4258-8D44-92E46F921358}.AppStore|ARM.ActiveCfg = Release|Any CPU
		{870FE91E-BCCF-4258-8D44-92E46F921358}.AppStore|iPhone.ActiveCfg = Release|Any CPU
		{870FE91E-BCCF-4258-8D44-92E46F921358}.AppStore|iPhoneSimulator.ActiveCfg = Release|Any CPU
		{870FE91E-BCCF-4258-8D44-92E46F921358}.AppStore|Mixed Platforms.ActiveCfg = Release|Any CPU
		{870FE91E-BCCF-4258-8D44-92E46F921358}.AppStore|Mixed Platforms.Build.0 = Release|Any CPU
		{870FE91E-BCCF-4258-8D44-92E46F921358}.AppStore|x64.ActiveCfg = Release|Any CPU
		{870FE91E-BCCF-4258-8D44-92E46F921358}.AppStore|x86.ActiveCfg = Release|Any CPU
		{870FE91E-BCCF-4258-8D44-92E46F921358}.Debug|Any CPU.ActiveCfg = Debug|Any CPU
		{870FE91E-BCCF-4258-8D44-92E46F921358}.Debug|Any CPU.Build.0 = Debug|Any CPU
		{870FE91E-BCCF-4258-8D44-92E46F921358}.Debug|ARM.ActiveCfg = Debug|Any CPU
		{870FE91E-BCCF-4258-8D44-92E46F921358}.Debug|iPhone.ActiveCfg = Debug|Any CPU
		{870FE91E-BCCF-4258-8D44-92E46F921358}.Debug|iPhoneSimulator.ActiveCfg = Debug|Any CPU
		{870FE91E-BCCF-4258-8D44-92E46F921358}.Debug|Mixed Platforms.ActiveCfg = Debug|Any CPU
		{870FE91E-BCCF-4258-8D44-92E46F921358}.Debug|Mixed Platforms.Build.0 = Debug|Any CPU
		{870FE91E-BCCF-4258-8D44-92E46F921358}.Debug|x64.ActiveCfg = Debug|Any CPU
		{870FE91E-BCCF-4258-8D44-92E46F921358}.Debug|x86.ActiveCfg = Debug|Any CPU
		{870FE91E-BCCF-4258-8D44-92E46F921358}.Release|Any CPU.ActiveCfg = Release|Any CPU
		{870FE91E-BCCF-4258-8D44-92E46F921358}.Release|Any CPU.Build.0 = Release|Any CPU
		{870FE91E-BCCF-4258-8D44-92E46F921358}.Release|ARM.ActiveCfg = Release|Any CPU
		{870FE91E-BCCF-4258-8D44-92E46F921358}.Release|iPhone.ActiveCfg = Release|Any CPU
		{870FE91E-BCCF-4258-8D44-92E46F921358}.Release|iPhoneSimulator.ActiveCfg = Release|Any CPU
		{870FE91E-BCCF-4258-8D44-92E46F921358}.Release|Mixed Platforms.ActiveCfg = Release|Any CPU
		{870FE91E-BCCF-4258-8D44-92E46F921358}.Release|Mixed Platforms.Build.0 = Release|Any CPU
		{870FE91E-BCCF-4258-8D44-92E46F921358}.Release|x64.ActiveCfg = Release|Any CPU
		{870FE91E-BCCF-4258-8D44-92E46F921358}.Release|x86.ActiveCfg = Release|Any CPU
	EndGlobalSection
	GlobalSection(SolutionProperties) = preSolution
		HideSolutionNode = FALSE
	EndGlobalSection
	GlobalSection(NestedProjects) = preSolution
		{46D322F6-8BA4-484A-ACE9-571B362ADA43} = {6A02737C-ECCA-4C8F-B829-47136C47E896}
		{D2326A11-9854-4214-B66C-46D6181D5231} = {6A02737C-ECCA-4C8F-B829-47136C47E896}
		{052CD24C-60D0-4997-90CE-AD2DC128150D} = {6A02737C-ECCA-4C8F-B829-47136C47E896}
		{4D11D905-68C6-4A6B-9724-C87AD1DFCF77} = {6A02737C-ECCA-4C8F-B829-47136C47E896}
		{A3C64FE0-9858-4D36-AFE1-0B7E1629ED9F} = {6A02737C-ECCA-4C8F-B829-47136C47E896}
		{AF75C536-FEC5-4C62-ACBC-0F9A2A7E2CC5} = {6A02737C-ECCA-4C8F-B829-47136C47E896}
		{956FCE55-53C1-46CD-B56C-DC3965E39668} = {6A02737C-ECCA-4C8F-B829-47136C47E896}
		{1EBD353C-9DFB-4DBA-9564-F4A73C6F355F} = {956FCE55-53C1-46CD-B56C-DC3965E39668}
		{B9D0C9D6-1E9C-47FF-B967-AFB828987E9F} = {956FCE55-53C1-46CD-B56C-DC3965E39668}
		{7F0A95FB-E90C-44CB-A51D-53929CEFA100} = {956FCE55-53C1-46CD-B56C-DC3965E39668}
		{DE7BB516-4144-48CB-8A46-CAF1DAB86372} = {956FCE55-53C1-46CD-B56C-DC3965E39668}
		{870FE91E-BCCF-4258-8D44-92E46F921358} = {6A02737C-ECCA-4C8F-B829-47136C47E896}
	EndGlobalSection
EndGlobal
