
Microsoft Visual Studio Solution File, Format Version 12.00
# Visual Studio 2013
VisualStudioVersion = 12.0.30723.0
MinimumVisualStudioVersion = 10.0.40219.1
Project("{2150E333-8FDC-42A3-9474-1A3956D46DE8}") = "Converter", "Converter", "{B715A9B8-3B59-4B8F-AFE0-194CF03AC4DB}"
EndProject
Project("{D954291E-2A0B-460D-934E-DC6B0785DB48}") = "Converter.Shared", "Converter\Converter.Shared\Converter.Shared.shproj", "{31CCCC4B-75C0-4039-8C48-21A18C25A787}"
EndProject
Project("{FAE04EC0-301F-11D3-BF4B-00C04F79EFBC}") = "Converter.Windows", "Converter\Converter.Windows\Converter.Windows.csproj", "{822B643F-2763-4EB8-A408-30F13C5FC324}"
EndProject
Project("{FAE04EC0-301F-11D3-BF4B-00C04F79EFBC}") = "Converter.WindowsPhone", "Converter\Converter.WindowsPhone\Converter.WindowsPhone.csproj", "{8A17073F-A18E-4361-841E-8B1B11BEFF62}"
EndProject
Global
	GlobalSection(SharedMSBuildProjectFiles) = preSolution
		Converter\Converter.Shared\Converter.Shared.projitems*{822b643f-2763-4eb8-a408-30f13c5fc324}*SharedItemsImports = 4
		Converter\Converter.Shared\Converter.Shared.projitems*{8a17073f-a18e-4361-841e-8b1b11beff62}*SharedItemsImports = 4
		Converter\Converter.Shared\Converter.Shared.projitems*{31cccc4b-75c0-4039-8c48-21a18c25a787}*SharedItemsImports = 13
	EndGlobalSection
	GlobalSection(SolutionConfigurationPlatforms) = preSolution
		Debug|Any CPU = Debug|Any CPU
		Debug|ARM = Debug|ARM
		Debug|x64 = Debug|x64
		Debug|x86 = Debug|x86
		Release|Any CPU = Release|Any CPU
		Release|ARM = Release|ARM
		Release|x64 = Release|x64
		Release|x86 = Release|x86
	EndGlobalSection
	GlobalSection(ProjectConfigurationPlatforms) = postSolution
		{822B643F-2763-4EB8-A408-30F13C5FC324}.Debug|Any CPU.ActiveCfg = Debug|Any CPU
		{822B643F-2763-4EB8-A408-30F13C5FC324}.Debug|Any CPU.Build.0 = Debug|Any CPU
		{822B643F-2763-4EB8-A408-30F13C5FC324}.Debug|Any CPU.Deploy.0 = Debug|Any CPU
		{822B643F-2763-4EB8-A408-30F13C5FC324}.Debug|ARM.ActiveCfg = Debug|ARM
		{822B643F-2763-4EB8-A408-30F13C5FC324}.Debug|ARM.Build.0 = Debug|ARM
		{822B643F-2763-4EB8-A408-30F13C5FC324}.Debug|ARM.Deploy.0 = Debug|ARM
		{822B643F-2763-4EB8-A408-30F13C5FC324}.Debug|x64.ActiveCfg = Debug|x64
		{822B643F-2763-4EB8-A408-30F13C5FC324}.Debug|x64.Build.0 = Debug|x64
		{822B643F-2763-4EB8-A408-30F13C5FC324}.Debug|x64.Deploy.0 = Debug|x64
		{822B643F-2763-4EB8-A408-30F13C5FC324}.Debug|x86.ActiveCfg = Debug|x86
		{822B643F-2763-4EB8-A408-30F13C5FC324}.Debug|x86.Build.0 = Debug|x86
		{822B643F-2763-4EB8-A408-30F13C5FC324}.Debug|x86.Deploy.0 = Debug|x86
		{822B643F-2763-4EB8-A408-30F13C5FC324}.Release|Any CPU.ActiveCfg = Release|Any CPU
		{822B643F-2763-4EB8-A408-30F13C5FC324}.Release|Any CPU.Build.0 = Release|Any CPU
		{822B643F-2763-4EB8-A408-30F13C5FC324}.Release|Any CPU.Deploy.0 = Release|Any CPU
		{822B643F-2763-4EB8-A408-30F13C5FC324}.Release|ARM.ActiveCfg = Release|ARM
		{822B643F-2763-4EB8-A408-30F13C5FC324}.Release|ARM.Build.0 = Release|ARM
		{822B643F-2763-4EB8-A408-30F13C5FC324}.Release|ARM.Deploy.0 = Release|ARM
		{822B643F-2763-4EB8-A408-30F13C5FC324}.Release|x64.ActiveCfg = Release|x64
		{822B643F-2763-4EB8-A408-30F13C5FC324}.Release|x64.Build.0 = Release|x64
		{822B643F-2763-4EB8-A408-30F13C5FC324}.Release|x64.Deploy.0 = Release|x64
		{822B643F-2763-4EB8-A408-30F13C5FC324}.Release|x86.ActiveCfg = Release|x86
		{822B643F-2763-4EB8-A408-30F13C5FC324}.Release|x86.Build.0 = Release|x86
		{822B643F-2763-4EB8-A408-30F13C5FC324}.Release|x86.Deploy.0 = Release|x86
		{8A17073F-A18E-4361-841E-8B1B11BEFF62}.Debug|Any CPU.ActiveCfg = Debug|Any CPU
		{8A17073F-A18E-4361-841E-8B1B11BEFF62}.Debug|Any CPU.Build.0 = Debug|Any CPU
		{8A17073F-A18E-4361-841E-8B1B11BEFF62}.Debug|Any CPU.Deploy.0 = Debug|Any CPU
		{8A17073F-A18E-4361-841E-8B1B11BEFF62}.Debug|ARM.ActiveCfg = Debug|ARM
		{8A17073F-A18E-4361-841E-8B1B11BEFF62}.Debug|ARM.Build.0 = Debug|ARM
		{8A17073F-A18E-4361-841E-8B1B11BEFF62}.Debug|ARM.Deploy.0 = Debug|ARM
		{8A17073F-A18E-4361-841E-8B1B11BEFF62}.Debug|x64.ActiveCfg = Debug|Any CPU
		{8A17073F-A18E-4361-841E-8B1B11BEFF62}.Debug|x86.ActiveCfg = Debug|x86
		{8A17073F-A18E-4361-841E-8B1B11BEFF62}.Debug|x86.Build.0 = Debug|x86
		{8A17073F-A18E-4361-841E-8B1B11BEFF62}.Debug|x86.Deploy.0 = Debug|x86
		{8A17073F-A18E-4361-841E-8B1B11BEFF62}.Release|Any CPU.ActiveCfg = Release|Any CPU
		{8A17073F-A18E-4361-841E-8B1B11BEFF62}.Release|Any CPU.Build.0 = Release|Any CPU
		{8A17073F-A18E-4361-841E-8B1B11BEFF62}.Release|Any CPU.Deploy.0 = Release|Any CPU
		{8A17073F-A18E-4361-841E-8B1B11BEFF62}.Release|ARM.ActiveCfg = Release|ARM
		{8A17073F-A18E-4361-841E-8B1B11BEFF62}.Release|ARM.Build.0 = Release|ARM
		{8A17073F-A18E-4361-841E-8B1B11BEFF62}.Release|ARM.Deploy.0 = Release|ARM
		{8A17073F-A18E-4361-841E-8B1B11BEFF62}.Release|x64.ActiveCfg = Release|Any CPU
		{8A17073F-A18E-4361-841E-8B1B11BEFF62}.Release|x86.ActiveCfg = Release|x86
		{8A17073F-A18E-4361-841E-8B1B11BEFF62}.Release|x86.Build.0 = Release|x86
		{8A17073F-A18E-4361-841E-8B1B11BEFF62}.Release|x86.Deploy.0 = Release|x86
	EndGlobalSection
	GlobalSection(SolutionProperties) = preSolution
		HideSolutionNode = FALSE
	EndGlobalSection
	GlobalSection(NestedProjects) = preSolution
		{31CCCC4B-75C0-4039-8C48-21A18C25A787} = {B715A9B8-3B59-4B8F-AFE0-194CF03AC4DB}
		{822B643F-2763-4EB8-A408-30F13C5FC324} = {B715A9B8-3B59-4B8F-AFE0-194CF03AC4DB}
		{8A17073F-A18E-4361-841E-8B1B11BEFF62} = {B715A9B8-3B59-4B8F-AFE0-194CF03AC4DB}
	EndGlobalSection
EndGlobal
