
Microsoft Visual Studio Solution File, Format Version 12.00
# Visual Studio 2013
VisualStudioVersion = 12.0.30723.0
MinimumVisualStudioVersion = 10.0.40219.1
Project("{FAE04EC0-301F-11D3-BF4B-00C04F79EFBC}") = "Snaleboda.Xamarin.ios", "Snaleboda.Xamarin.ios\Snaleboda.Xamarin.ios.csproj", "{477E622B-FD3B-4FC9-B2D1-4594D0651856}"
EndProject
Project("{FAE04EC0-301F-11D3-BF4B-00C04F79EFBC}") = "Snaleboda.Xamarin.Core", "Snaleboda.Xamarin.Core\Snaleboda.Xamarin.Core.csproj", "{D535DED9-62D4-4026-9283-AF3CBDADAB4E}"
EndProject
Project("{FAE04EC0-301F-11D3-BF4B-00C04F79EFBC}") = "Snaleboda.Xamarin.Droid", "Snaleboda.Xamarin.Droid\Snaleboda.Xamarin.Droid.csproj", "{4D962CA3-F94D-48EA-BAE5-FF0B6495F5C5}"
EndProject
Global
	GlobalSection(SolutionConfigurationPlatforms) = preSolution
		Ad-Hoc|Any CPU = Ad-Hoc|Any CPU
		Ad-Hoc|iPhone = Ad-Hoc|iPhone
		Ad-Hoc|iPhoneSimulator = Ad-Hoc|iPhoneSimulator
		Ad-Hoc|Mixed Platforms = Ad-Hoc|Mixed Platforms
		AppStore|Any CPU = AppStore|Any CPU
		AppStore|iPhone = AppStore|iPhone
		AppStore|iPhoneSimulator = AppStore|iPhoneSimulator
		AppStore|Mixed Platforms = AppStore|Mixed Platforms
		Debug|Any CPU = Debug|Any CPU
		Debug|iPhone = Debug|iPhone
		Debug|iPhoneSimulator = Debug|iPhoneSimulator
		Debug|Mixed Platforms = Debug|Mixed Platforms
		Release|Any CPU = Release|Any CPU
		Release|iPhone = Release|iPhone
		Release|iPhoneSimulator = Release|iPhoneSimulator
		Release|Mixed Platforms = Release|Mixed Platforms
	EndGlobalSection
	GlobalSection(ProjectConfigurationPlatforms) = postSolution
		{477E622B-FD3B-4FC9-B2D1-4594D0651856}.Ad-Hoc|Any CPU.ActiveCfg = Ad-Hoc|iPhone
		{477E622B-FD3B-4FC9-B2D1-4594D0651856}.Ad-Hoc|iPhone.ActiveCfg = Ad-Hoc|iPhone
		{477E622B-FD3B-4FC9-B2D1-4594D0651856}.Ad-Hoc|iPhone.Build.0 = Ad-Hoc|iPhone
		{477E622B-FD3B-4FC9-B2D1-4594D0651856}.Ad-Hoc|iPhoneSimulator.ActiveCfg = Ad-Hoc|iPhoneSimulator
		{477E622B-FD3B-4FC9-B2D1-4594D0651856}.Ad-Hoc|iPhoneSimulator.Build.0 = Ad-Hoc|iPhoneSimulator
		{477E622B-FD3B-4FC9-B2D1-4594D0651856}.Ad-Hoc|Mixed Platforms.ActiveCfg = Ad-Hoc|iPhone
		{477E622B-FD3B-4FC9-B2D1-4594D0651856}.Ad-Hoc|Mixed Platforms.Build.0 = Ad-Hoc|iPhone
		{477E622B-FD3B-4FC9-B2D1-4594D0651856}.AppStore|Any CPU.ActiveCfg = AppStore|iPhone
		{477E622B-FD3B-4FC9-B2D1-4594D0651856}.AppStore|iPhone.ActiveCfg = AppStore|iPhone
		{477E622B-FD3B-4FC9-B2D1-4594D0651856}.AppStore|iPhone.Build.0 = AppStore|iPhone
		{477E622B-FD3B-4FC9-B2D1-4594D0651856}.AppStore|iPhoneSimulator.ActiveCfg = AppStore|iPhoneSimulator
		{477E622B-FD3B-4FC9-B2D1-4594D0651856}.AppStore|iPhoneSimulator.Build.0 = AppStore|iPhoneSimulator
		{477E622B-FD3B-4FC9-B2D1-4594D0651856}.AppStore|Mixed Platforms.ActiveCfg = AppStore|iPhone
		{477E622B-FD3B-4FC9-B2D1-4594D0651856}.AppStore|Mixed Platforms.Build.0 = AppStore|iPhone
		{477E622B-FD3B-4FC9-B2D1-4594D0651856}.Debug|Any CPU.ActiveCfg = Debug|iPhone
		{477E622B-FD3B-4FC9-B2D1-4594D0651856}.Debug|iPhone.ActiveCfg = Debug|iPhone
		{477E622B-FD3B-4FC9-B2D1-4594D0651856}.Debug|iPhone.Build.0 = Debug|iPhone
		{477E622B-FD3B-4FC9-B2D1-4594D0651856}.Debug|iPhoneSimulator.ActiveCfg = Debug|iPhoneSimulator
		{477E622B-FD3B-4FC9-B2D1-4594D0651856}.Debug|iPhoneSimulator.Build.0 = Debug|iPhoneSimulator
		{477E622B-FD3B-4FC9-B2D1-4594D0651856}.Debug|Mixed Platforms.ActiveCfg = Debug|iPhone
		{477E622B-FD3B-4FC9-B2D1-4594D0651856}.Debug|Mixed Platforms.Build.0 = Debug|iPhone
		{477E622B-FD3B-4FC9-B2D1-4594D0651856}.Release|Any CPU.ActiveCfg = Release|iPhone
		{477E622B-FD3B-4FC9-B2D1-4594D0651856}.Release|iPhone.ActiveCfg = Release|iPhone
		{477E622B-FD3B-4FC9-B2D1-4594D0651856}.Release|iPhone.Build.0 = Release|iPhone
		{477E622B-FD3B-4FC9-B2D1-4594D0651856}.Release|iPhoneSimulator.ActiveCfg = Release|iPhoneSimulator
		{477E622B-FD3B-4FC9-B2D1-4594D0651856}.Release|iPhoneSimulator.Build.0 = Release|iPhoneSimulator
		{477E622B-FD3B-4FC9-B2D1-4594D0651856}.Release|Mixed Platforms.ActiveCfg = Release|iPhone
		{477E622B-FD3B-4FC9-B2D1-4594D0651856}.Release|Mixed Platforms.Build.0 = Release|iPhone
		{D535DED9-62D4-4026-9283-AF3CBDADAB4E}.Ad-Hoc|Any CPU.ActiveCfg = Release|Any CPU
		{D535DED9-62D4-4026-9283-AF3CBDADAB4E}.Ad-Hoc|Any CPU.Build.0 = Release|Any CPU
		{D535DED9-62D4-4026-9283-AF3CBDADAB4E}.Ad-Hoc|iPhone.ActiveCfg = Release|Any CPU
		{D535DED9-62D4-4026-9283-AF3CBDADAB4E}.Ad-Hoc|iPhoneSimulator.ActiveCfg = Release|Any CPU
		{D535DED9-62D4-4026-9283-AF3CBDADAB4E}.Ad-Hoc|Mixed Platforms.ActiveCfg = Release|Any CPU
		{D535DED9-62D4-4026-9283-AF3CBDADAB4E}.Ad-Hoc|Mixed Platforms.Build.0 = Release|Any CPU
		{D535DED9-62D4-4026-9283-AF3CBDADAB4E}.AppStore|Any CPU.ActiveCfg = Release|Any CPU
		{D535DED9-62D4-4026-9283-AF3CBDADAB4E}.AppStore|Any CPU.Build.0 = Release|Any CPU
		{D535DED9-62D4-4026-9283-AF3CBDADAB4E}.AppStore|iPhone.ActiveCfg = Release|Any CPU
		{D535DED9-62D4-4026-9283-AF3CBDADAB4E}.AppStore|iPhoneSimulator.ActiveCfg = Release|Any CPU
		{D535DED9-62D4-4026-9283-AF3CBDADAB4E}.AppStore|Mixed Platforms.ActiveCfg = Release|Any CPU
		{D535DED9-62D4-4026-9283-AF3CBDADAB4E}.AppStore|Mixed Platforms.Build.0 = Release|Any CPU
		{D535DED9-62D4-4026-9283-AF3CBDADAB4E}.Debug|Any CPU.ActiveCfg = Debug|Any CPU
		{D535DED9-62D4-4026-9283-AF3CBDADAB4E}.Debug|Any CPU.Build.0 = Debug|Any CPU
		{D535DED9-62D4-4026-9283-AF3CBDADAB4E}.Debug|iPhone.ActiveCfg = Debug|Any CPU
		{D535DED9-62D4-4026-9283-AF3CBDADAB4E}.Debug|iPhoneSimulator.ActiveCfg = Debug|Any CPU
		{D535DED9-62D4-4026-9283-AF3CBDADAB4E}.Debug|iPhoneSimulator.Build.0 = Debug|Any CPU
		{D535DED9-62D4-4026-9283-AF3CBDADAB4E}.Debug|Mixed Platforms.ActiveCfg = Debug|Any CPU
		{D535DED9-62D4-4026-9283-AF3CBDADAB4E}.Debug|Mixed Platforms.Build.0 = Debug|Any CPU
		{D535DED9-62D4-4026-9283-AF3CBDADAB4E}.Release|Any CPU.ActiveCfg = Release|Any CPU
		{D535DED9-62D4-4026-9283-AF3CBDADAB4E}.Release|Any CPU.Build.0 = Release|Any CPU
		{D535DED9-62D4-4026-9283-AF3CBDADAB4E}.Release|iPhone.ActiveCfg = Release|Any CPU
		{D535DED9-62D4-4026-9283-AF3CBDADAB4E}.Release|iPhoneSimulator.ActiveCfg = Release|Any CPU
		{D535DED9-62D4-4026-9283-AF3CBDADAB4E}.Release|Mixed Platforms.ActiveCfg = Release|Any CPU
		{D535DED9-62D4-4026-9283-AF3CBDADAB4E}.Release|Mixed Platforms.Build.0 = Release|Any CPU
		{4D962CA3-F94D-48EA-BAE5-FF0B6495F5C5}.Ad-Hoc|Any CPU.ActiveCfg = Release|Any CPU
		{4D962CA3-F94D-48EA-BAE5-FF0B6495F5C5}.Ad-Hoc|Any CPU.Build.0 = Release|Any CPU
		{4D962CA3-F94D-48EA-BAE5-FF0B6495F5C5}.Ad-Hoc|Any CPU.Deploy.0 = Release|Any CPU
		{4D962CA3-F94D-48EA-BAE5-FF0B6495F5C5}.Ad-Hoc|iPhone.ActiveCfg = Release|Any CPU
		{4D962CA3-F94D-48EA-BAE5-FF0B6495F5C5}.Ad-Hoc|iPhoneSimulator.ActiveCfg = Release|Any CPU
		{4D962CA3-F94D-48EA-BAE5-FF0B6495F5C5}.Ad-Hoc|Mixed Platforms.ActiveCfg = Release|Any CPU
		{4D962CA3-F94D-48EA-BAE5-FF0B6495F5C5}.Ad-Hoc|Mixed Platforms.Build.0 = Release|Any CPU
		{4D962CA3-F94D-48EA-BAE5-FF0B6495F5C5}.Ad-Hoc|Mixed Platforms.Deploy.0 = Release|Any CPU
		{4D962CA3-F94D-48EA-BAE5-FF0B6495F5C5}.AppStore|Any CPU.ActiveCfg = Release|Any CPU
		{4D962CA3-F94D-48EA-BAE5-FF0B6495F5C5}.AppStore|Any CPU.Build.0 = Release|Any CPU
		{4D962CA3-F94D-48EA-BAE5-FF0B6495F5C5}.AppStore|Any CPU.Deploy.0 = Release|Any CPU
		{4D962CA3-F94D-48EA-BAE5-FF0B6495F5C5}.AppStore|iPhone.ActiveCfg = Release|Any CPU
		{4D962CA3-F94D-48EA-BAE5-FF0B6495F5C5}.AppStore|iPhoneSimulator.ActiveCfg = Release|Any CPU
		{4D962CA3-F94D-48EA-BAE5-FF0B6495F5C5}.AppStore|Mixed Platforms.ActiveCfg = Release|Any CPU
		{4D962CA3-F94D-48EA-BAE5-FF0B6495F5C5}.AppStore|Mixed Platforms.Build.0 = Release|Any CPU
		{4D962CA3-F94D-48EA-BAE5-FF0B6495F5C5}.AppStore|Mixed Platforms.Deploy.0 = Release|Any CPU
		{4D962CA3-F94D-48EA-BAE5-FF0B6495F5C5}.Debug|Any CPU.ActiveCfg = Debug|Any CPU
		{4D962CA3-F94D-48EA-BAE5-FF0B6495F5C5}.Debug|Any CPU.Build.0 = Debug|Any CPU
		{4D962CA3-F94D-48EA-BAE5-FF0B6495F5C5}.Debug|Any CPU.Deploy.0 = Debug|Any CPU
		{4D962CA3-F94D-48EA-BAE5-FF0B6495F5C5}.Debug|iPhone.ActiveCfg = Debug|Any CPU
		{4D962CA3-F94D-48EA-BAE5-FF0B6495F5C5}.Debug|iPhoneSimulator.ActiveCfg = Debug|Any CPU
		{4D962CA3-F94D-48EA-BAE5-FF0B6495F5C5}.Debug|Mixed Platforms.ActiveCfg = Debug|Any CPU
		{4D962CA3-F94D-48EA-BAE5-FF0B6495F5C5}.Debug|Mixed Platforms.Build.0 = Debug|Any CPU
		{4D962CA3-F94D-48EA-BAE5-FF0B6495F5C5}.Debug|Mixed Platforms.Deploy.0 = Debug|Any CPU
		{4D962CA3-F94D-48EA-BAE5-FF0B6495F5C5}.Release|Any CPU.ActiveCfg = Release|Any CPU
		{4D962CA3-F94D-48EA-BAE5-FF0B6495F5C5}.Release|Any CPU.Build.0 = Release|Any CPU
		{4D962CA3-F94D-48EA-BAE5-FF0B6495F5C5}.Release|Any CPU.Deploy.0 = Release|Any CPU
		{4D962CA3-F94D-48EA-BAE5-FF0B6495F5C5}.Release|iPhone.ActiveCfg = Release|Any CPU
		{4D962CA3-F94D-48EA-BAE5-FF0B6495F5C5}.Release|iPhoneSimulator.ActiveCfg = Release|Any CPU
		{4D962CA3-F94D-48EA-BAE5-FF0B6495F5C5}.Release|Mixed Platforms.ActiveCfg = Release|Any CPU
		{4D962CA3-F94D-48EA-BAE5-FF0B6495F5C5}.Release|Mixed Platforms.Build.0 = Release|Any CPU
		{4D962CA3-F94D-48EA-BAE5-FF0B6495F5C5}.Release|Mixed Platforms.Deploy.0 = Release|Any CPU
	EndGlobalSection
	GlobalSection(SolutionProperties) = preSolution
		HideSolutionNode = FALSE
	EndGlobalSection
EndGlobal
